
Microsoft Visual Studio Solution File, Format Version 12.00
# Visual Studio Version 17
VisualStudioVersion = 17.14.36414.22
MinimumVisualStudioVersion = 10.0.40219.1
Project("{FAE04EC0-301F-11D3-BF4B-00C04F79EFBC}") = "Client_Service", "Client_Service\Client_Service.csproj", "{9315E2F2-58A7-467D-89BF-86F985B45EB7}"
EndProject
Project("{FAE04EC0-301F-11D3-BF4B-00C04F79EFBC}") = "Client_Repository", "Client_Repository\Client_Repository.csproj", "{E4D97E33-B263-4FB6-A8A4-07B3252DF293}"
EndProject
Project("{FAE04EC0-301F-11D3-BF4B-00C04F79EFBC}") = "Admin_Service", "Admin_Service\Admin_Service.csproj", "{607AB3E5-0743-4237-BC02-765A573CD950}"
EndProject
Project("{FAE04EC0-301F-11D3-BF4B-00C04F79EFBC}") = "Admin_Repository", "Admin_Repository\Admin_Repository.csproj", "{9487E22A-913D-45AA-AD5D-24121177702F}"
EndProject
Project("{2150E333-8FDC-42A3-9474-1A3956D46DE8}") = "01 - Admin", "01 - Admin", "{02EA681E-C7D8-13C7-8484-4AC65E1B71E8}"
EndProject
Project("{2150E333-8FDC-42A3-9474-1A3956D46DE8}") = "02 - Client", "02 - Client", "{3EE3255A-4091-4B64-85E6-1A1C3F6EABE6}"
EndProject
Project("{2150E333-8FDC-42A3-9474-1A3956D46DE8}") = "03 - Shared", "03 - Shared", "{B561D114-1DA1-4BA0-A915-0CFC89B6483B}"
EndProject
Project("{FAE04EC0-301F-11D3-BF4B-00C04F79EFBC}") = "Shared", "Shared\Shared.csproj", "{87F291B9-1EF2-444E-ABAC-EEC6518C6AA0}"
EndProject
Project("{2150E333-8FDC-42A3-9474-1A3956D46DE8}") = "01 - API", "01 - API", "{E90659C9-55B5-4863-8565-853BD4F118A8}"
EndProject
Project("{2150E333-8FDC-42A3-9474-1A3956D46DE8}") = "01 - API", "01 - API", "{6595B9C7-8E02-4F0B-AF4A-558DD3B1DE6D}"
EndProject
Project("{2150E333-8FDC-42A3-9474-1A3956D46DE8}") = "02 - Service", "02 - Service", "{5D1A78AC-5D93-401F-AE7E-3BBA52C0075B}"
EndProject
Project("{2150E333-8FDC-42A3-9474-1A3956D46DE8}") = "02 - Service", "02 - Service", "{A78713BA-D3B2-455C-8A51-B1B05516AEBC}"
EndProject
Project("{2150E333-8FDC-42A3-9474-1A3956D46DE8}") = "03 - Repository", "03 - Repository", "{DC0CCBEE-5A5B-4F92-B6C1-F32EF3CBDE88}"
EndProject
Project("{2150E333-8FDC-42A3-9474-1A3956D46DE8}") = "03 - Repository", "03 - Repository", "{940DD995-1308-4D77-81C4-5C6112346C9F}"
EndProject
Project("{2150E333-8FDC-42A3-9474-1A3956D46DE8}") = "00 - Documentação do projeto", "00 - Documentação do projeto", "{50B1A1BF-4E80-4092-B112-8ED3AA5F63A1}"
	ProjectSection(SolutionItems) = preProject
		15102025-DocumentacaoGeral.txt = 15102025-DocumentacaoGeral.txt
		DocumentacaoBase.txt = DocumentacaoBase.txt
	EndProjectSection
EndProject
Project("{FAE04EC0-301F-11D3-BF4B-00C04F79EFBC}") = "ADM_Api", "ADM\ADM_Api.csproj", "{37EBE90F-A0CC-49D9-828E-B2490CC01F6C}"
EndProject
Project("{FAE04EC0-301F-11D3-BF4B-00C04F79EFBC}") = "Cliente_Api", "Cliente\Cliente_Api.csproj", "{7AF670B9-CBB6-4E3D-8B40-5B28D7FB0C9F}"
EndProject
Global
	GlobalSection(SolutionConfigurationPlatforms) = preSolution
		Debug|Any CPU = Debug|Any CPU
		Release|Any CPU = Release|Any CPU
	EndGlobalSection
	GlobalSection(ProjectConfigurationPlatforms) = postSolution
		{9315E2F2-58A7-467D-89BF-86F985B45EB7}.Debug|Any CPU.ActiveCfg = Debug|Any CPU
		{9315E2F2-58A7-467D-89BF-86F985B45EB7}.Debug|Any CPU.Build.0 = Debug|Any CPU
		{9315E2F2-58A7-467D-89BF-86F985B45EB7}.Release|Any CPU.ActiveCfg = Release|Any CPU
		{9315E2F2-58A7-467D-89BF-86F985B45EB7}.Release|Any CPU.Build.0 = Release|Any CPU
		{E4D97E33-B263-4FB6-A8A4-07B3252DF293}.Debug|Any CPU.ActiveCfg = Debug|Any CPU
		{E4D97E33-B263-4FB6-A8A4-07B3252DF293}.Debug|Any CPU.Build.0 = Debug|Any CPU
		{E4D97E33-B263-4FB6-A8A4-07B3252DF293}.Release|Any CPU.ActiveCfg = Release|Any CPU
		{E4D97E33-B263-4FB6-A8A4-07B3252DF293}.Release|Any CPU.Build.0 = Release|Any CPU
		{607AB3E5-0743-4237-BC02-765A573CD950}.Debug|Any CPU.ActiveCfg = Debug|Any CPU
		{607AB3E5-0743-4237-BC02-765A573CD950}.Debug|Any CPU.Build.0 = Debug|Any CPU
		{607AB3E5-0743-4237-BC02-765A573CD950}.Release|Any CPU.ActiveCfg = Release|Any CPU
		{607AB3E5-0743-4237-BC02-765A573CD950}.Release|Any CPU.Build.0 = Release|Any CPU
		{9487E22A-913D-45AA-AD5D-24121177702F}.Debug|Any CPU.ActiveCfg = Debug|Any CPU
		{9487E22A-913D-45AA-AD5D-24121177702F}.Debug|Any CPU.Build.0 = Debug|Any CPU
		{9487E22A-913D-45AA-AD5D-24121177702F}.Release|Any CPU.ActiveCfg = Release|Any CPU
		{9487E22A-913D-45AA-AD5D-24121177702F}.Release|Any CPU.Build.0 = Release|Any CPU
		{87F291B9-1EF2-444E-ABAC-EEC6518C6AA0}.Debug|Any CPU.ActiveCfg = Debug|Any CPU
		{87F291B9-1EF2-444E-ABAC-EEC6518C6AA0}.Debug|Any CPU.Build.0 = Debug|Any CPU
		{87F291B9-1EF2-444E-ABAC-EEC6518C6AA0}.Release|Any CPU.ActiveCfg = Release|Any CPU
		{87F291B9-1EF2-444E-ABAC-EEC6518C6AA0}.Release|Any CPU.Build.0 = Release|Any CPU
		{37EBE90F-A0CC-49D9-828E-B2490CC01F6C}.Debug|Any CPU.ActiveCfg = Debug|Any CPU
		{37EBE90F-A0CC-49D9-828E-B2490CC01F6C}.Debug|Any CPU.Build.0 = Debug|Any CPU
		{37EBE90F-A0CC-49D9-828E-B2490CC01F6C}.Release|Any CPU.ActiveCfg = Release|Any CPU
		{37EBE90F-A0CC-49D9-828E-B2490CC01F6C}.Release|Any CPU.Build.0 = Release|Any CPU
		{7AF670B9-CBB6-4E3D-8B40-5B28D7FB0C9F}.Debug|Any CPU.ActiveCfg = Debug|Any CPU
		{7AF670B9-CBB6-4E3D-8B40-5B28D7FB0C9F}.Debug|Any CPU.Build.0 = Debug|Any CPU
		{7AF670B9-CBB6-4E3D-8B40-5B28D7FB0C9F}.Release|Any CPU.ActiveCfg = Release|Any CPU
		{7AF670B9-CBB6-4E3D-8B40-5B28D7FB0C9F}.Release|Any CPU.Build.0 = Release|Any CPU
	EndGlobalSection
	GlobalSection(SolutionProperties) = preSolution
		HideSolutionNode = FALSE
	EndGlobalSection
	GlobalSection(NestedProjects) = preSolution
		{9315E2F2-58A7-467D-89BF-86F985B45EB7} = {A78713BA-D3B2-455C-8A51-B1B05516AEBC}
		{E4D97E33-B263-4FB6-A8A4-07B3252DF293} = {940DD995-1308-4D77-81C4-5C6112346C9F}
		{607AB3E5-0743-4237-BC02-765A573CD950} = {5D1A78AC-5D93-401F-AE7E-3BBA52C0075B}
		{9487E22A-913D-45AA-AD5D-24121177702F} = {DC0CCBEE-5A5B-4F92-B6C1-F32EF3CBDE88}
		{87F291B9-1EF2-444E-ABAC-EEC6518C6AA0} = {B561D114-1DA1-4BA0-A915-0CFC89B6483B}
		{E90659C9-55B5-4863-8565-853BD4F118A8} = {02EA681E-C7D8-13C7-8484-4AC65E1B71E8}
		{6595B9C7-8E02-4F0B-AF4A-558DD3B1DE6D} = {3EE3255A-4091-4B64-85E6-1A1C3F6EABE6}
		{5D1A78AC-5D93-401F-AE7E-3BBA52C0075B} = {02EA681E-C7D8-13C7-8484-4AC65E1B71E8}
		{A78713BA-D3B2-455C-8A51-B1B05516AEBC} = {3EE3255A-4091-4B64-85E6-1A1C3F6EABE6}
		{DC0CCBEE-5A5B-4F92-B6C1-F32EF3CBDE88} = {02EA681E-C7D8-13C7-8484-4AC65E1B71E8}
		{940DD995-1308-4D77-81C4-5C6112346C9F} = {3EE3255A-4091-4B64-85E6-1A1C3F6EABE6}
		{37EBE90F-A0CC-49D9-828E-B2490CC01F6C} = {E90659C9-55B5-4863-8565-853BD4F118A8}
		{7AF670B9-CBB6-4E3D-8B40-5B28D7FB0C9F} = {6595B9C7-8E02-4F0B-AF4A-558DD3B1DE6D}
	EndGlobalSection
	GlobalSection(ExtensibilityGlobals) = postSolution
		SolutionGuid = {4F1AD477-BBF2-45A2-B347-E82F948F8BE4}
	EndGlobalSection
EndGlobal
